
Microsoft Visual Studio Solution File, Format Version 12.00
# Visual Studio Version 17
VisualStudioVersion = 17.8.34309.116
MinimumVisualStudioVersion = 10.0.40219.1
Project("{9A19103F-16F7-4668-BE54-9A1E7A4F7556}") = "CompanyEmployees.IDP", "CompanyEmployees.IDP.csproj", "{180BF408-1A88-4F67-B1D1-6FEE27B7D214}"
EndProject
Project("{9A19103F-16F7-4668-BE54-9A1E7A4F7556}") = "EmailService", "..\EmailService\EmailService.csproj", "{5D68936E-1E3A-47B9-935B-492EB19AB712}"
EndProject
Global
	GlobalSection(SolutionConfigurationPlatforms) = preSolution
		Debug|Any CPU = Debug|Any CPU
		Release|Any CPU = Release|Any CPU
	EndGlobalSection
	GlobalSection(ProjectConfigurationPlatforms) = postSolution
		{180BF408-1A88-4F67-B1D1-6FEE27B7D214}.Debug|Any CPU.ActiveCfg = Debug|Any CPU
		{180BF408-1A88-4F67-B1D1-6FEE27B7D214}.Debug|Any CPU.Build.0 = Debug|Any CPU
		{180BF408-1A88-4F67-B1D1-6FEE27B7D214}.Release|Any CPU.ActiveCfg = Release|Any CPU
		{180BF408-1A88-4F67-B1D1-6FEE27B7D214}.Release|Any CPU.Build.0 = Release|Any CPU
		{5D68936E-1E3A-47B9-935B-492EB19AB712}.Debug|Any CPU.ActiveCfg = Debug|Any CPU
		{5D68936E-1E3A-47B9-935B-492EB19AB712}.Debug|Any CPU.Build.0 = Debug|Any CPU
		{5D68936E-1E3A-47B9-935B-492EB19AB712}.Release|Any CPU.ActiveCfg = Release|Any CPU
		{5D68936E-1E3A-47B9-935B-492EB19AB712}.Release|Any CPU.Build.0 = Release|Any CPU
	EndGlobalSection
	GlobalSection(SolutionProperties) = preSolution
		HideSolutionNode = FALSE
	EndGlobalSection
	GlobalSection(ExtensibilityGlobals) = postSolution
		SolutionGuid = {03B20886-5A1A-48E2-AFFC-3DA2138EC3C5}
	EndGlobalSection
EndGlobal
